PODS:
  - lottie-ios (4.3.3)

DEPENDENCIES:
  - lottie-ios (from `https://github.com/airbnb/lottie-ios`, branch `master`)

EXTERNAL SOURCES:
  lottie-ios:
    :branch: master
    :git: https://github.com/airbnb/lottie-ios

CHECKOUT OPTIONS:
  lottie-ios:
    :commit: cdf8499996eec658e62d1a116c1d87853d563101
    :git: https://github.com/airbnb/lottie-ios

SPEC CHECKSUMS:
  lottie-ios: 16e4b4d2d9fa132b6b3c6b7e37aae6fa86da66fd

PODFILE CHECKSUM: 49faa6ab48898d99686b789e2e67c009f61cb342

COCOAPODS: 1.12.1
