// !$*UTF8*$!
{
	archiveVersion = 1;
	classes = {
	};
	objectVersion = 56;
	objects = {

/* Begin PBXBuildFile section */
		4502240C2B3FE68E0092C445 /* AppKeys.plist in Resources */ = {isa = PBXBuildFile; fileRef = 4593B2392B3FBC940057C1E9 /* AppKeys.plist */; };
		452CE8E22AF7B33F00F1D38E /* CardView.swift in Sources */ = {isa = PBXBuildFile; fileRef = 452CE8E12AF7B33F00F1D38E /* CardView.swift */; };
		452CE8E42AF7B39000F1D38E /* CardContainerView.swift in Sources */ = {isa = PBXBuildFile; fileRef = 452CE8E32AF7B39000F1D38E /* CardContainerView.swift */; };
		4538D9622A92BB0C008D6CBA /* wave-hand.json in Resources */ = {isa = PBXBuildFile; fileRef = 4538D9602A92BB0C008D6CBA /* wave-hand.json */; };
		45418DC92AF63C7800EF2C83 /* NavBarView.swift in Sources */ = {isa = PBXBuildFile; fileRef = 45418DC82AF63C7800EF2C83 /* NavBarView.swift */; };
		45418DCB2AF63D3F00EF2C83 /* Color+App.swift in Sources */ = {isa = PBXBuildFile; fileRef = 45418DCA2AF63D3F00EF2C83 /* Color+App.swift */; };
		45418DCE2AF65FEE00EF2C83 /* AdMobRectangleView.swift in Sources */ = {isa = PBXBuildFile; fileRef = 45418DCD2AF65FEE00EF2C83 /* AdMobRectangleView.swift */; };
		45418DD02AF6611B00EF2C83 /* BannerViewController.swift in Sources */ = {isa = PBXBuildFile; fileRef = 45418DCF2AF6611B00EF2C83 /* BannerViewController.swift */; };
		45418DD22AF6613B00EF2C83 /* AdTypes.swift in Sources */ = {isa = PBXBuildFile; fileRef = 45418DD12AF6613B00EF2C83 /* AdTypes.swift */; };
		45418DD52AF742FF00EF2C83 /* GameView.swift in Sources */ = {isa = PBXBuildFile; fileRef = 45418DD42AF742FF00EF2C83 /* GameView.swift */; };
		454E2CD52A8C6F7D00D2FDE0 /* BabySwipeApp.swift in Sources */ = {isa = PBXBuildFile; fileRef = 454E2CD42A8C6F7D00D2FDE0 /* BabySwipeApp.swift */; };
		454E2CD72A8C6F7D00D2FDE0 /* SplashView.swift in Sources */ = {isa = PBXBuildFile; fileRef = 454E2CD62A8C6F7D00D2FDE0 /* SplashView.swift */; };
		454E2CD92A8C6F7E00D2FDE0 /* Assets.xcassets in Resources */ = {isa = PBXBuildFile; fileRef = 454E2CD82A8C6F7E00D2FDE0 /* Assets.xcassets */; };
		454E2CDC2A8C6F7E00D2FDE0 /* Preview Assets.xcassets in Resources */ = {isa = PBXBuildFile; fileRef = 454E2CDB2A8C6F7E00D2FDE0 /* Preview Assets.xcassets */; };
		455855B72B03F1C200F3EEF4 /* InterstitialController.swift in Sources */ = {isa = PBXBuildFile; fileRef = 455855B62B03F1C200F3EEF4 /* InterstitialController.swift */; };
		455855B92B03F26D00F3EEF4 /* UIApplication+KeyWindow.swift in Sources */ = {isa = PBXBuildFile; fileRef = 455855B82B03F26D00F3EEF4 /* UIApplication+KeyWindow.swift */; };
		456EA5712AF34908003D7030 /* AppDelegate.swift in Sources */ = {isa = PBXBuildFile; fileRef = 456EA5702AF34908003D7030 /* AppDelegate.swift */; };
		456EA5742AF34E09003D7030 /* FirebaseAnalytics in Frameworks */ = {isa = PBXBuildFile; productRef = 456EA5732AF34E09003D7030 /* FirebaseAnalytics */; };
		456EA5762AF34E09003D7030 /* FirebaseAnalyticsOnDeviceConversion in Frameworks */ = {isa = PBXBuildFile; productRef = 456EA5752AF34E09003D7030 /* FirebaseAnalyticsOnDeviceConversion */; };
		456EA5782AF34E09003D7030 /* FirebaseAnalyticsSwift in Frameworks */ = {isa = PBXBuildFile; productRef = 456EA5772AF34E09003D7030 /* FirebaseAnalyticsSwift */; };
		456EA57A2AF34E09003D7030 /* FirebaseCrashlytics in Frameworks */ = {isa = PBXBuildFile; productRef = 456EA5792AF34E09003D7030 /* FirebaseCrashlytics */; };
		456EA57C2AF34E09003D7030 /* FirebaseInAppMessaging-Beta in Frameworks */ = {isa = PBXBuildFile; productRef = 456EA57B2AF34E09003D7030 /* FirebaseInAppMessaging-Beta */; };
		456EA57E2AF34E09003D7030 /* FirebaseInAppMessagingSwift-Beta in Frameworks */ = {isa = PBXBuildFile; productRef = 456EA57D2AF34E09003D7030 /* FirebaseInAppMessagingSwift-Beta */; };
		456EA5802AF34E09003D7030 /* FirebaseInstallations in Frameworks */ = {isa = PBXBuildFile; productRef = 456EA57F2AF34E09003D7030 /* FirebaseInstallations */; };
		456EA5822AF34E09003D7030 /* FirebaseMessaging in Frameworks */ = {isa = PBXBuildFile; productRef = 456EA5812AF34E09003D7030 /* FirebaseMessaging */; };
		456EA5852AF35364003D7030 /* GoogleMobileAds in Frameworks */ = {isa = PBXBuildFile; productRef = 456EA5842AF35364003D7030 /* GoogleMobileAds */; };
		456EA5872AF357E4003D7030 /* GoogleService-Info.plist in Resources */ = {isa = PBXBuildFile; fileRef = 456EA56F2AF3464D003D7030 /* GoogleService-Info.plist */; };
		456EA58A2AF3735A003D7030 /* clouds.json in Resources */ = {isa = PBXBuildFile; fileRef = 456EA5892AF3735A003D7030 /* clouds.json */; };
		456EA5902AF38405003D7030 /* char1.json in Resources */ = {isa = PBXBuildFile; fileRef = 456EA58C2AF38405003D7030 /* char1.json */; };
		456EA5912AF38405003D7030 /* char3.json in Resources */ = {isa = PBXBuildFile; fileRef = 456EA58D2AF38405003D7030 /* char3.json */; };
		456EA5922AF38405003D7030 /* char2.json in Resources */ = {isa = PBXBuildFile; fileRef = 456EA58E2AF38405003D7030 /* char2.json */; };
		456EA5932AF38405003D7030 /* char4.json in Resources */ = {isa = PBXBuildFile; fileRef = 456EA58F2AF38405003D7030 /* char4.json */; };
		4593B2382B3FBB940057C1E9 /* StoreKit.framework in Frameworks */ = {isa = PBXBuildFile; fileRef = 4593B2372B3FBB940057C1E9 /* StoreKit.framework */; };
		4593B23F2B3FBDF60057C1E9 /* AppKeys.swift in Sources */ = {isa = PBXBuildFile; fileRef = 4593B23E2B3FBDF60057C1E9 /* AppKeys.swift */; };
		45ABD6402AF8827500C4AD1F /* Swipeable.swift in Sources */ = {isa = PBXBuildFile; fileRef = 45ABD63F2AF8827500C4AD1F /* Swipeable.swift */; };
		45ABD6422AF882E600C4AD1F /* Letter.swift in Sources */ = {isa = PBXBuildFile; fileRef = 45ABD6412AF882E600C4AD1F /* Letter.swift */; };
		45ABD6442AF89AED00C4AD1F /* Number.swift in Sources */ = {isa = PBXBuildFile; fileRef = 45ABD6432AF89AED00C4AD1F /* Number.swift */; };
		45ABD6462AF89BEE00C4AD1F /* Shape.swift in Sources */ = {isa = PBXBuildFile; fileRef = 45ABD6452AF89BEE00C4AD1F /* Shape.swift */; };
		45ABD6482AF8A00E00C4AD1F /* Colour.swift in Sources */ = {isa = PBXBuildFile; fileRef = 45ABD6472AF8A00E00C4AD1F /* Colour.swift */; };
		45ABD64A2AF8A06800C4AD1F /* Fruit.swift in Sources */ = {isa = PBXBuildFile; fileRef = 45ABD6492AF8A06800C4AD1F /* Fruit.swift */; };
		45C19F2B2AFA5050000117A4 /* Animal.swift in Sources */ = {isa = PBXBuildFile; fileRef = 45C19F2A2AFA5050000117A4 /* Animal.swift */; };
		45DD47A02A952D430015D06A /* hello-white.json in Resources */ = {isa = PBXBuildFile; fileRef = 45DD479F2A952D430015D06A /* hello-white.json */; };
		45DD47A92A9556480015D06A /* CategoriesView.swift in Sources */ = {isa = PBXBuildFile; fileRef = 45DD47A82A9556480015D06A /* CategoriesView.swift */; };
		45DD47AB2A9556570015D06A /* Delay.swift in Sources */ = {isa = PBXBuildFile; fileRef = 45DD47AA2A9556570015D06A /* Delay.swift */; };
		45DD47AD2A9556C50015D06A /* Launch Screen.storyboard in Resources */ = {isa = PBXBuildFile; fileRef = 45DD47AC2A9556C50015D06A /* Launch Screen.storyboard */; };
		45FC92862AF44A0400C085DD /* Category.swift in Sources */ = {isa = PBXBuildFile; fileRef = 45FC92852AF44A0400C085DD /* Category.swift */; };
		45FC92882AF44B7C00C085DD /* HomeView.swift in Sources */ = {isa = PBXBuildFile; fileRef = 45FC92872AF44B7C00C085DD /* HomeView.swift */; };
		45FC928D2AF4A70A00C085DD /* char7.json in Resources */ = {isa = PBXBuildFile; fileRef = 45FC928A2AF4A70A00C085DD /* char7.json */; };
		45FC928E2AF4A70A00C085DD /* char5.json in Resources */ = {isa = PBXBuildFile; fileRef = 45FC928B2AF4A70A00C085DD /* char5.json */; };
		45FC928F2AF4A70A00C085DD /* char6.json in Resources */ = {isa = PBXBuildFile; fileRef = 45FC928C2AF4A70A00C085DD /* char6.json */; };
		45FC92912AF4A7A900C085DD /* AnimatedCharacterView.swift in Sources */ = {isa = PBXBuildFile; fileRef = 45FC92902AF4A7A900C085DD /* AnimatedCharacterView.swift */; };
		45FC92932AF4AC0100C085DD /* Kinderland.ttf in Resources */ = {isa = PBXBuildFile; fileRef = 45FC92922AF4AC0100C085DD /* Kinderland.ttf */; };
		45FC92962AF4F1CF00C085DD /* SFX.swift in Sources */ = {isa = PBXBuildFile; fileRef = 45FC92952AF4F1CF00C085DD /* SFX.swift */; };
		45FC929B2AF4F32200C085DD /* alexander-nakarada-silly-intro(chosic.com).mp3 in Resources */ = {isa = PBXBuildFile; fileRef = 45FC92982AF4F32200C085DD /* alexander-nakarada-silly-intro(chosic.com).mp3 */; };
		45FC929C2AF4F32200C085DD /* happy-childhood-loop-173335.mp3 in Resources */ = {isa = PBXBuildFile; fileRef = 45FC92992AF4F32200C085DD /* happy-childhood-loop-173335.mp3 */; };
		45FC929D2AF4F32200C085DD /* funny-accompanying-background-music-for-video-vlogs-one-day-baby-154587.mp3 in Resources */ = {isa = PBXBuildFile; fileRef = 45FC929A2AF4F32200C085DD /* funny-accompanying-background-music-for-video-vlogs-one-day-baby-154587.mp3 */; };
		45FC92A12AF5252A00C085DD /* Cell.swift in Sources */ = {isa = PBXBuildFile; fileRef = 45FC92A02AF5252A00C085DD /* Cell.swift */; };
		C4814793407DA2628DE8AA4E /* Pods_BabySwipe.framework in Frameworks */ = {isa = PBXBuildFile; fileRef = 5D64A454EABB92477684DA63 /* Pods_BabySwipe.framework */; };
/* End PBXBuildFile section */

/* Begin PBXFileReference section */
		0382E36961EF7454D2DAB3B8 /* Pods-BabiesFirsts.debug.xcconfig */ = {isa = PBXFileReference; includeInIndex = 1; lastKnownFileType = text.xcconfig; name = "Pods-BabiesFirsts.debug.xcconfig"; path = "Target Support Files/Pods-BabiesFirsts/Pods-BabiesFirsts.debug.xcconfig"; sourceTree = "<group>"; };
		3EEBED597EB79ECBB2222159 /* Pods-BabySwipe.debug.xcconfig */ = {isa = PBXFileReference; includeInIndex = 1; lastKnownFileType = text.xcconfig; name = "Pods-BabySwipe.debug.xcconfig"; path = "Target Support Files/Pods-BabySwipe/Pods-BabySwipe.debug.xcconfig"; sourceTree = "<group>"; };
		452CE8E12AF7B33F00F1D38E /* CardView.swift */ = {isa = PBXFileReference; lastKnownFileType = sourcecode.swift; path = CardView.swift; sourceTree = "<group>"; };
		452CE8E32AF7B39000F1D38E /* CardContainerView.swift */ = {isa = PBXFileReference; lastKnownFileType = sourcecode.swift; path = CardContainerView.swift; sourceTree = "<group>"; };
		4538D9602A92BB0C008D6CBA /* wave-hand.json */ = {isa = PBXFileReference; fileEncoding = 4; lastKnownFileType = text.json; path = "wave-hand.json"; sourceTree = "<group>"; };
		45418DC82AF63C7800EF2C83 /* NavBarView.swift */ = {isa = PBXFileReference; lastKnownFileType = sourcecode.swift; path = NavBarView.swift; sourceTree = "<group>"; };
		45418DCA2AF63D3F00EF2C83 /* Color+App.swift */ = {isa = PBXFileReference; lastKnownFileType = sourcecode.swift; path = "Color+App.swift"; sourceTree = "<group>"; };
		45418DCD2AF65FEE00EF2C83 /* AdMobRectangleView.swift */ = {isa = PBXFileReference; lastKnownFileType = sourcecode.swift; path = AdMobRectangleView.swift; sourceTree = "<group>"; };
		45418DCF2AF6611B00EF2C83 /* BannerViewController.swift */ = {isa = PBXFileReference; lastKnownFileType = sourcecode.swift; path = BannerViewController.swift; sourceTree = "<group>"; };
		45418DD12AF6613B00EF2C83 /* AdTypes.swift */ = {isa = PBXFileReference; lastKnownFileType = sourcecode.swift; path = AdTypes.swift; sourceTree = "<group>"; };
		45418DD42AF742FF00EF2C83 /* GameView.swift */ = {isa = PBXFileReference; lastKnownFileType = sourcecode.swift; path = GameView.swift; sourceTree = "<group>"; };
		454D19702AF206C9008C205A /* README.md */ = {isa = PBXFileReference; lastKnownFileType = net.daringfireball.markdown; path = README.md; sourceTree = "<group>"; };
		454E2CD12A8C6F7D00D2FDE0 /* BabySwipe.app */ = {isa = PBXFileReference; explicitFileType = wrapper.application; includeInIndex = 0; path = BabySwipe.app; sourceTree = BUILT_PRODUCTS_DIR; };
		454E2CD42A8C6F7D00D2FDE0 /* BabySwipeApp.swift */ = {isa = PBXFileReference; lastKnownFileType = sourcecode.swift; path = BabySwipeApp.swift; sourceTree = "<group>"; };
		454E2CD62A8C6F7D00D2FDE0 /* SplashView.swift */ = {isa = PBXFileReference; lastKnownFileType = sourcecode.swift; path = SplashView.swift; sourceTree = "<group>"; };
		454E2CD82A8C6F7E00D2FDE0 /* Assets.xcassets */ = {isa = PBXFileReference; lastKnownFileType = folder.assetcatalog; path = Assets.xcassets; sourceTree = "<group>"; };
		454E2CDB2A8C6F7E00D2FDE0 /* Preview Assets.xcassets */ = {isa = PBXFileReference; lastKnownFileType = folder.assetcatalog; path = "Preview Assets.xcassets"; sourceTree = "<group>"; };
		455855B52B03EFA800F3EEF4 /* BabySwipe.entitlements */ = {isa = PBXFileReference; lastKnownFileType = text.plist.entitlements; path = BabySwipe.entitlements; sourceTree = "<group>"; };
		455855B62B03F1C200F3EEF4 /* InterstitialController.swift */ = {isa = PBXFileReference; lastKnownFileType = sourcecode.swift; path = InterstitialController.swift; sourceTree = "<group>"; };
		455855B82B03F26D00F3EEF4 /* UIApplication+KeyWindow.swift */ = {isa = PBXFileReference; lastKnownFileType = sourcecode.swift; path = "UIApplication+KeyWindow.swift"; sourceTree = "<group>"; };
		456EA56F2AF3464D003D7030 /* GoogleService-Info.plist */ = {isa = PBXFileReference; lastKnownFileType = text.plist.xml; path = "GoogleService-Info.plist"; sourceTree = "<group>"; };
		456EA5702AF34908003D7030 /* AppDelegate.swift */ = {isa = PBXFileReference; lastKnownFileType = sourcecode.swift; path = AppDelegate.swift; sourceTree = "<group>"; };
		456EA5882AF35AE9003D7030 /* Info.plist */ = {isa = PBXFileReference; lastKnownFileType = text.plist.xml; path = Info.plist; sourceTree = "<group>"; };
		456EA5892AF3735A003D7030 /* clouds.json */ = {isa = PBXFileReference; fileEncoding = 4; lastKnownFileType = text.json; path = clouds.json; sourceTree = "<group>"; };
		456EA58C2AF38405003D7030 /* char1.json */ = {isa = PBXFileReference; fileEncoding = 4; lastKnownFileType = text.json; path = char1.json; sourceTree = "<group>"; };
		456EA58D2AF38405003D7030 /* char3.json */ = {isa = PBXFileReference; fileEncoding = 4; lastKnownFileType = text.json; path = char3.json; sourceTree = "<group>"; };
		456EA58E2AF38405003D7030 /* char2.json */ = {isa = PBXFileReference; fileEncoding = 4; lastKnownFileType = text.json; path = char2.json; sourceTree = "<group>"; };
		456EA58F2AF38405003D7030 /* char4.json */ = {isa = PBXFileReference; fileEncoding = 4; lastKnownFileType = text.json; path = char4.json; sourceTree = "<group>"; };
		4593B2282B3CBF9B0057C1E9 /* AuthKey_L9MD48H6DC.p8 */ = {isa = PBXFileReference; fileEncoding = 4; lastKnownFileType = text; path = AuthKey_L9MD48H6DC.p8; sourceTree = "<group>"; };
		4593B22A2B3CC03F0057C1E9 /* SubscriptionKey_7MRMX536TA.p8 */ = {isa = PBXFileReference; fileEncoding = 4; lastKnownFileType = text; path = SubscriptionKey_7MRMX536TA.p8; sourceTree = "<group>"; };
		4593B22C2B3CC2440057C1E9 /* AuthKey_3CJYQC7JZN-AppStoreConnect_API.p8 */ = {isa = PBXFileReference; fileEncoding = 4; lastKnownFileType = text; path = "AuthKey_3CJYQC7JZN-AppStoreConnect_API.p8"; sourceTree = "<group>"; };
		4593B2372B3FBB940057C1E9 /* StoreKit.framework */ = {isa = PBXFileReference; lastKnownFileType = wrapper.framework; name = StoreKit.framework; path = System/Library/Frameworks/StoreKit.framework; sourceTree = SDKROOT; };
		4593B2392B3FBC940057C1E9 /* AppKeys.plist */ = {isa = PBXFileReference; lastKnownFileType = text.plist.xml; path = AppKeys.plist; sourceTree = "<group>"; };
		4593B23C2B3FBCDC0057C1E9 /* .gitignore */ = {isa = PBXFileReference; fileEncoding = 4; lastKnownFileType = text; path = .gitignore; sourceTree = "<group>"; };
		4593B23E2B3FBDF60057C1E9 /* AppKeys.swift */ = {isa = PBXFileReference; lastKnownFileType = sourcecode.swift; path = AppKeys.swift; sourceTree = "<group>"; };
		45ABD63F2AF8827500C4AD1F /* Swipeable.swift */ = {isa = PBXFileReference; lastKnownFileType = sourcecode.swift; path = Swipeable.swift; sourceTree = "<group>"; };
		45ABD6412AF882E600C4AD1F /* Letter.swift */ = {isa = PBXFileReference; lastKnownFileType = sourcecode.swift; path = Letter.swift; sourceTree = "<group>"; };
		45ABD6432AF89AED00C4AD1F /* Number.swift */ = {isa = PBXFileReference; lastKnownFileType = sourcecode.swift; path = Number.swift; sourceTree = "<group>"; };
		45ABD6452AF89BEE00C4AD1F /* Shape.swift */ = {isa = PBXFileReference; lastKnownFileType = sourcecode.swift; path = Shape.swift; sourceTree = "<group>"; };
		45ABD6472AF8A00E00C4AD1F /* Colour.swift */ = {isa = PBXFileReference; lastKnownFileType = sourcecode.swift; path = Colour.swift; sourceTree = "<group>"; };
		45ABD6492AF8A06800C4AD1F /* Fruit.swift */ = {isa = PBXFileReference; lastKnownFileType = sourcecode.swift; path = Fruit.swift; sourceTree = "<group>"; };
		45C19F2A2AFA5050000117A4 /* Animal.swift */ = {isa = PBXFileReference; lastKnownFileType = sourcecode.swift; path = Animal.swift; sourceTree = "<group>"; };
		45DD479F2A952D430015D06A /* hello-white.json */ = {isa = PBXFileReference; fileEncoding = 4; lastKnownFileType = text.json; path = "hello-white.json"; sourceTree = "<group>"; };
		45DD47A82A9556480015D06A /* CategoriesView.swift */ = {isa = PBXFileReference; lastKnownFileType = sourcecode.swift; path = CategoriesView.swift; sourceTree = "<group>"; };
		45DD47AA2A9556570015D06A /* Delay.swift */ = {isa = PBXFileReference; lastKnownFileType = sourcecode.swift; path = Delay.swift; sourceTree = "<group>"; };
		45DD47AC2A9556C50015D06A /* Launch Screen.storyboard */ = {isa = PBXFileReference; lastKnownFileType = file.storyboard; path = "Launch Screen.storyboard"; sourceTree = "<group>"; };
		45FC92852AF44A0400C085DD /* Category.swift */ = {isa = PBXFileReference; lastKnownFileType = sourcecode.swift; path = Category.swift; sourceTree = "<group>"; };
		45FC92872AF44B7C00C085DD /* HomeView.swift */ = {isa = PBXFileReference; lastKnownFileType = sourcecode.swift; path = HomeView.swift; sourceTree = "<group>"; };
		45FC928A2AF4A70A00C085DD /* char7.json */ = {isa = PBXFileReference; fileEncoding = 4; lastKnownFileType = text.json; path = char7.json; sourceTree = "<group>"; };
		45FC928B2AF4A70A00C085DD /* char5.json */ = {isa = PBXFileReference; fileEncoding = 4; lastKnownFileType = text.json; path = char5.json; sourceTree = "<group>"; };
		45FC928C2AF4A70A00C085DD /* char6.json */ = {isa = PBXFileReference; fileEncoding = 4; lastKnownFileType = text.json; path = char6.json; sourceTree = "<group>"; };
		45FC92902AF4A7A900C085DD /* AnimatedCharacterView.swift */ = {isa = PBXFileReference; lastKnownFileType = sourcecode.swift; path = AnimatedCharacterView.swift; sourceTree = "<group>"; };
		45FC92922AF4AC0100C085DD /* Kinderland.ttf */ = {isa = PBXFileReference; lastKnownFileType = file; path = Kinderland.ttf; sourceTree = "<group>"; };
		45FC92952AF4F1CF00C085DD /* SFX.swift */ = {isa = PBXFileReference; lastKnownFileType = sourcecode.swift; path = SFX.swift; sourceTree = "<group>"; };
		45FC92982AF4F32200C085DD /* alexander-nakarada-silly-intro(chosic.com).mp3 */ = {isa = PBXFileReference; lastKnownFileType = audio.mp3; path = "alexander-nakarada-silly-intro(chosic.com).mp3"; sourceTree = "<group>"; };
		45FC92992AF4F32200C085DD /* happy-childhood-loop-173335.mp3 */ = {isa = PBXFileReference; lastKnownFileType = audio.mp3; path = "happy-childhood-loop-173335.mp3"; sourceTree = "<group>"; };
		45FC929A2AF4F32200C085DD /* funny-accompanying-background-music-for-video-vlogs-one-day-baby-154587.mp3 */ = {isa = PBXFileReference; lastKnownFileType = audio.mp3; path = "funny-accompanying-background-music-for-video-vlogs-one-day-baby-154587.mp3"; sourceTree = "<group>"; };
		45FC92A02AF5252A00C085DD /* Cell.swift */ = {isa = PBXFileReference; lastKnownFileType = sourcecode.swift; path = Cell.swift; sourceTree = "<group>"; };
		5D64A454EABB92477684DA63 /* Pods_BabySwipe.framework */ = {isa = PBXFileReference; explicitFileType = wrapper.framework; includeInIndex = 0; path = Pods_BabySwipe.framework; sourceTree = BUILT_PRODUCTS_DIR; };
		862A4989E4386376390AC976 /* Pods-BabySwipe.release.xcconfig */ = {isa = PBXFileReference; includeInIndex = 1; lastKnownFileType = text.xcconfig; name = "Pods-BabySwipe.release.xcconfig"; path = "Target Support Files/Pods-BabySwipe/Pods-BabySwipe.release.xcconfig"; sourceTree = "<group>"; };
		913D275723C767B83FC30604 /* Pods-BabiesFirsts.release.xcconfig */ = {isa = PBXFileReference; includeInIndex = 1; lastKnownFileType = text.xcconfig; name = "Pods-BabiesFirsts.release.xcconfig"; path = "Target Support Files/Pods-BabiesFirsts/Pods-BabiesFirsts.release.xcconfig"; sourceTree = "<group>"; };
/* End PBXFileReference section */

/* Begin PBXFrameworksBuildPhase section */
		454E2CCE2A8C6F7D00D2FDE0 /* Frameworks */ = {
			isa = PBXFrameworksBuildPhase;
			buildActionMask = 2147483647;
			files = (
				456EA5822AF34E09003D7030 /* FirebaseMessaging in Frameworks */,
				456EA5782AF34E09003D7030 /* FirebaseAnalyticsSwift in Frameworks */,
				456EA5852AF35364003D7030 /* GoogleMobileAds in Frameworks */,
				456EA5742AF34E09003D7030 /* FirebaseAnalytics in Frameworks */,
				456EA57E2AF34E09003D7030 /* FirebaseInAppMessagingSwift-Beta in Frameworks */,
				456EA5802AF34E09003D7030 /* FirebaseInstallations in Frameworks */,
				456EA57A2AF34E09003D7030 /* FirebaseCrashlytics in Frameworks */,
				456EA5762AF34E09003D7030 /* FirebaseAnalyticsOnDeviceConversion in Frameworks */,
				4593B2382B3FBB940057C1E9 /* StoreKit.framework in Frameworks */,
				C4814793407DA2628DE8AA4E /* Pods_BabySwipe.framework in Frameworks */,
				456EA57C2AF34E09003D7030 /* FirebaseInAppMessaging-Beta in Frameworks */,
			);
			runOnlyForDeploymentPostprocessing = 0;
		};
/* End PBXFrameworksBuildPhase section */

/* Begin PBXGroup section */
		4502240D2B3FE6A50092C445 /* AppKeys */ = {
			isa = PBXGroup;
			children = (
				4593B22C2B3CC2440057C1E9 /* AuthKey_3CJYQC7JZN-AppStoreConnect_API.p8 */,
				4593B2282B3CBF9B0057C1E9 /* AuthKey_L9MD48H6DC.p8 */,
				4593B22A2B3CC03F0057C1E9 /* SubscriptionKey_7MRMX536TA.p8 */,
				4593B2392B3FBC940057C1E9 /* AppKeys.plist */,
				4593B23E2B3FBDF60057C1E9 /* AppKeys.swift */,
			);
			path = AppKeys;
			sourceTree = "<group>";
		};
		452CE8E02AF7B32E00F1D38E /* Swipe */ = {
			isa = PBXGroup;
			children = (
				452CE8E12AF7B33F00F1D38E /* CardView.swift */,
				452CE8E32AF7B39000F1D38E /* CardContainerView.swift */,
			);
			path = Swipe;
			sourceTree = "<group>";
		};
		453BB9572A923F090014E569 /* Lottie Animation Files */ = {
			isa = PBXGroup;
			children = (
				456EA58B2AF383F8003D7030 /* Characters */,
				456EA5892AF3735A003D7030 /* clouds.json */,
				45DD479F2A952D430015D06A /* hello-white.json */,
				4538D9602A92BB0C008D6CBA /* wave-hand.json */,
			);
			path = "Lottie Animation Files";
			sourceTree = "<group>";
		};
		45418DC72AF63C6900EF2C83 /* Base */ = {
			isa = PBXGroup;
			children = (
				45418DC82AF63C7800EF2C83 /* NavBarView.swift */,
			);
			path = Base;
			sourceTree = "<group>";
		};
		45418DCC2AF65FDE00EF2C83 /* Ads */ = {
			isa = PBXGroup;
			children = (
				45418DD12AF6613B00EF2C83 /* AdTypes.swift */,
				45418DCD2AF65FEE00EF2C83 /* AdMobRectangleView.swift */,
				45418DCF2AF6611B00EF2C83 /* BannerViewController.swift */,
				455855B62B03F1C200F3EEF4 /* InterstitialController.swift */,
			);
			path = Ads;
			sourceTree = "<group>";
		};
		45418DD32AF742F100EF2C83 /* Game */ = {
			isa = PBXGroup;
			children = (
				452CE8E02AF7B32E00F1D38E /* Swipe */,
				45418DD42AF742FF00EF2C83 /* GameView.swift */,
			);
			path = Game;
			sourceTree = "<group>";
		};
		454E2CC82A8C6F7D00D2FDE0 = {
			isa = PBXGroup;
			children = (
				454D19702AF206C9008C205A /* README.md */,
				4593B23C2B3FBCDC0057C1E9 /* .gitignore */,
				454E2CD32A8C6F7D00D2FDE0 /* BabySwipe */,
				454E2CD22A8C6F7D00D2FDE0 /* Products */,
				AF9DCCFB3E8F88FF57044DC9 /* Pods */,
				89CECDC2FC9C5B07B0B831C4 /* Frameworks */,
			);
			sourceTree = "<group>";
		};
		454E2CD22A8C6F7D00D2FDE0 /* Products */ = {
			isa = PBXGroup;
			children = (
				454E2CD12A8C6F7D00D2FDE0 /* BabySwipe.app */,
			);
			name = Products;
			sourceTree = "<group>";
		};
		454E2CD32A8C6F7D00D2FDE0 /* BabySwipe */ = {
			isa = PBXGroup;
			children = (
				4502240D2B3FE6A50092C445 /* AppKeys */,
				455855B52B03EFA800F3EEF4 /* BabySwipe.entitlements */,
				4593B23B2B3FBC990057C1E9 /* Keysff */,
				45DD47A52A9555DE0015D06A /* Animations */,
				45DD47A42A9555CE0015D06A /* App */,
				45FC92842AF449EF00C085DD /* Models */,
				456EA56E2AF3463B003D7030 /* Plists */,
				454E2CDA2A8C6F7E00D2FDE0 /* Preview Content */,
				45DD47A32A9555CA0015D06A /* Resources */,
				45DD47A22A9555C00015D06A /* Scenes */,
				45DD47A12A9555B00015D06A /* Utils */,
			);
			path = BabySwipe;
			sourceTree = "<group>";
		};
		454E2CDA2A8C6F7E00D2FDE0 /* Preview Content */ = {
			isa = PBXGroup;
			children = (
				454E2CDB2A8C6F7E00D2FDE0 /* Preview Assets.xcassets */,
			);
			path = "Preview Content";
			sourceTree = "<group>";
		};
		456EA56E2AF3463B003D7030 /* Plists */ = {
			isa = PBXGroup;
			children = (
				456EA5882AF35AE9003D7030 /* Info.plist */,
				456EA56F2AF3464D003D7030 /* GoogleService-Info.plist */,
			);
			path = Plists;
			sourceTree = "<group>";
		};
		456EA58B2AF383F8003D7030 /* Characters */ = {
			isa = PBXGroup;
			children = (
				45FC928B2AF4A70A00C085DD /* char5.json */,
				45FC928C2AF4A70A00C085DD /* char6.json */,
				45FC928A2AF4A70A00C085DD /* char7.json */,
				456EA58C2AF38405003D7030 /* char1.json */,
				456EA58E2AF38405003D7030 /* char2.json */,
				456EA58D2AF38405003D7030 /* char3.json */,
				456EA58F2AF38405003D7030 /* char4.json */,
			);
			path = Characters;
			sourceTree = "<group>";
		};
		4593B23B2B3FBC990057C1E9 /* Keysff */ = {
			isa = PBXGroup;
			children = (
			);
			path = Keysff;
			sourceTree = "<group>";
		};
		45DD47A12A9555B00015D06A /* Utils */ = {
			isa = PBXGroup;
			children = (
				45DD47AA2A9556570015D06A /* Delay.swift */,
				45FC92952AF4F1CF00C085DD /* SFX.swift */,
				45418DCA2AF63D3F00EF2C83 /* Color+App.swift */,
				455855B82B03F26D00F3EEF4 /* UIApplication+KeyWindow.swift */,
			);
			path = Utils;
			sourceTree = "<group>";
		};
		45DD47A22A9555C00015D06A /* Scenes */ = {
			isa = PBXGroup;
			children = (
				45418DCC2AF65FDE00EF2C83 /* Ads */,
				45418DC72AF63C6900EF2C83 /* Base */,
				45418DD32AF742F100EF2C83 /* Game */,
				45DD47A72A9556000015D06A /* Home */,
				45FC92892AF44B7F00C085DD /* Intro */,
				45DD47A62A9555FA0015D06A /* Splash */,
			);
			path = Scenes;
			sourceTree = "<group>";
		};
		45DD47A32A9555CA0015D06A /* Resources */ = {
			isa = PBXGroup;
			children = (
				454E2CD82A8C6F7E00D2FDE0 /* Assets.xcassets */,
				45FC92942AF4AC0800C085DD /* Fonts */,
				45FC92972AF4F25E00C085DD /* Sounds */,
			);
			path = Resources;
			sourceTree = "<group>";
		};
		45DD47A42A9555CE0015D06A /* App */ = {
			isa = PBXGroup;
			children = (
				454E2CD42A8C6F7D00D2FDE0 /* BabySwipeApp.swift */,
				456EA5702AF34908003D7030 /* AppDelegate.swift */,
			);
			path = App;
			sourceTree = "<group>";
		};
		45DD47A52A9555DE0015D06A /* Animations */ = {
			isa = PBXGroup;
			children = (
				453BB9572A923F090014E569 /* Lottie Animation Files */,
			);
			path = Animations;
			sourceTree = "<group>";
		};
		45DD47A62A9555FA0015D06A /* Splash */ = {
			isa = PBXGroup;
			children = (
				45DD47AC2A9556C50015D06A /* Launch Screen.storyboard */,
				454E2CD62A8C6F7D00D2FDE0 /* SplashView.swift */,
			);
			path = Splash;
			sourceTree = "<group>";
		};
		45DD47A72A9556000015D06A /* Home */ = {
			isa = PBXGroup;
			children = (
				45DD47A82A9556480015D06A /* CategoriesView.swift */,
				45FC92A02AF5252A00C085DD /* Cell.swift */,
			);
			path = Home;
			sourceTree = "<group>";
		};
		45FC92842AF449EF00C085DD /* Models */ = {
			isa = PBXGroup;
			children = (
				45C19F2A2AFA5050000117A4 /* Animal.swift */,
				45FC92852AF44A0400C085DD /* Category.swift */,
				45ABD6472AF8A00E00C4AD1F /* Colour.swift */,
				45ABD6492AF8A06800C4AD1F /* Fruit.swift */,
				45ABD6412AF882E600C4AD1F /* Letter.swift */,
				45ABD6432AF89AED00C4AD1F /* Number.swift */,
				45ABD6452AF89BEE00C4AD1F /* Shape.swift */,
				45ABD63F2AF8827500C4AD1F /* Swipeable.swift */,
			);
			path = Models;
			sourceTree = "<group>";
		};
		45FC92892AF44B7F00C085DD /* Intro */ = {
			isa = PBXGroup;
			children = (
				45FC92872AF44B7C00C085DD /* HomeView.swift */,
				45FC92902AF4A7A900C085DD /* AnimatedCharacterView.swift */,
			);
			path = Intro;
			sourceTree = "<group>";
		};
		45FC92942AF4AC0800C085DD /* Fonts */ = {
			isa = PBXGroup;
			children = (
				45FC92922AF4AC0100C085DD /* Kinderland.ttf */,
			);
			path = Fonts;
			sourceTree = "<group>";
		};
		45FC92972AF4F25E00C085DD /* Sounds */ = {
			isa = PBXGroup;
			children = (
				45FC92982AF4F32200C085DD /* alexander-nakarada-silly-intro(chosic.com).mp3 */,
				45FC929A2AF4F32200C085DD /* funny-accompanying-background-music-for-video-vlogs-one-day-baby-154587.mp3 */,
				45FC92992AF4F32200C085DD /* happy-childhood-loop-173335.mp3 */,
			);
			path = Sounds;
			sourceTree = "<group>";
		};
		89CECDC2FC9C5B07B0B831C4 /* Frameworks */ = {
			isa = PBXGroup;
			children = (
				4593B2372B3FBB940057C1E9 /* StoreKit.framework */,
				5D64A454EABB92477684DA63 /* Pods_BabySwipe.framework */,
			);
			name = Frameworks;
			sourceTree = "<group>";
		};
		AF9DCCFB3E8F88FF57044DC9 /* Pods */ = {
			isa = PBXGroup;
			children = (
				0382E36961EF7454D2DAB3B8 /* Pods-BabiesFirsts.debug.xcconfig */,
				913D275723C767B83FC30604 /* Pods-BabiesFirsts.release.xcconfig */,
				3EEBED597EB79ECBB2222159 /* Pods-BabySwipe.debug.xcconfig */,
				862A4989E4386376390AC976 /* Pods-BabySwipe.release.xcconfig */,
			);
			path = Pods;
			sourceTree = "<group>";
		};
/* End PBXGroup section */

/* Begin PBXNativeTarget section */
		454E2CD02A8C6F7D00D2FDE0 /* BabySwipe */ = {
			isa = PBXNativeTarget;
			buildConfigurationList = 454E2CDF2A8C6F7E00D2FDE0 /* Build configuration list for PBXNativeTarget "BabySwipe" */;
			buildPhases = (
				D529F2360C5DABEB3E9C983B /* [CP] Check Pods Manifest.lock */,
				454E2CCD2A8C6F7D00D2FDE0 /* Sources */,
				454E2CCE2A8C6F7D00D2FDE0 /* Frameworks */,
				454E2CCF2A8C6F7D00D2FDE0 /* Resources */,
				325D515CFD84AD66AE069ACE /* [CP] Embed Pods Frameworks */,
				456EA5862AF356FF003D7030 /* Run Script - Firebase */,
			);
			buildRules = (
			);
			dependencies = (
			);
			name = BabySwipe;
			packageProductDependencies = (
				456EA5732AF34E09003D7030 /* FirebaseAnalytics */,
				456EA5752AF34E09003D7030 /* FirebaseAnalyticsOnDeviceConversion */,
				456EA5772AF34E09003D7030 /* FirebaseAnalyticsSwift */,
				456EA5792AF34E09003D7030 /* FirebaseCrashlytics */,
				456EA57B2AF34E09003D7030 /* FirebaseInAppMessaging-Beta */,
				456EA57D2AF34E09003D7030 /* FirebaseInAppMessagingSwift-Beta */,
				456EA57F2AF34E09003D7030 /* FirebaseInstallations */,
				456EA5812AF34E09003D7030 /* FirebaseMessaging */,
				456EA5842AF35364003D7030 /* GoogleMobileAds */,
			);
			productName = BabiesFirsts;
			productReference = 454E2CD12A8C6F7D00D2FDE0 /* BabySwipe.app */;
			productType = "com.apple.product-type.application";
		};
/* End PBXNativeTarget section */

/* Begin PBXProject section */
		454E2CC92A8C6F7D00D2FDE0 /* Project object */ = {
			isa = PBXProject;
			attributes = {
				BuildIndependentTargetsInParallel = 1;
				LastSwiftUpdateCheck = 1430;
				LastUpgradeCheck = 1430;
				TargetAttributes = {
					454E2CD02A8C6F7D00D2FDE0 = {
						CreatedOnToolsVersion = 14.3.1;
					};
				};
			};
			buildConfigurationList = 454E2CCC2A8C6F7D00D2FDE0 /* Build configuration list for PBXProject "BabySwipe" */;
			compatibilityVersion = "Xcode 14.0";
			developmentRegion = en;
			hasScannedForEncodings = 0;
			knownRegions = (
				en,
				Base,
			);
			mainGroup = 454E2CC82A8C6F7D00D2FDE0;
			packageReferences = (
				456EA5722AF34E09003D7030 /* XCRemoteSwiftPackageReference "firebase-ios-sdk" */,
				456EA5832AF35364003D7030 /* XCRemoteSwiftPackageReference "swift-package-manager-google-mobile-ads" */,
			);
			productRefGroup = 454E2CD22A8C6F7D00D2FDE0 /* Products */;
			projectDirPath = "";
			projectRoot = "";
			targets = (
				454E2CD02A8C6F7D00D2FDE0 /* BabySwipe */,
			);
		};
/* End PBXProject section */

/* Begin PBXResourcesBuildPhase section */
		454E2CCF2A8C6F7D00D2FDE0 /* Resources */ = {
			isa = PBXResourcesBuildPhase;
			buildActionMask = 2147483647;
			files = (
				456EA5932AF38405003D7030 /* char4.json in Resources */,
				456EA5922AF38405003D7030 /* char2.json in Resources */,
				45FC928E2AF4A70A00C085DD /* char5.json in Resources */,
				4538D9622A92BB0C008D6CBA /* wave-hand.json in Resources */,
				456EA5902AF38405003D7030 /* char1.json in Resources */,
				45DD47A02A952D430015D06A /* hello-white.json in Resources */,
				456EA58A2AF3735A003D7030 /* clouds.json in Resources */,
				45FC929C2AF4F32200C085DD /* happy-childhood-loop-173335.mp3 in Resources */,
				45FC92932AF4AC0100C085DD /* Kinderland.ttf in Resources */,
				456EA5912AF38405003D7030 /* char3.json in Resources */,
				454E2CDC2A8C6F7E00D2FDE0 /* Preview Assets.xcassets in Resources */,
				4502240C2B3FE68E0092C445 /* AppKeys.plist in Resources */,
				45FC929B2AF4F32200C085DD /* alexander-nakarada-silly-intro(chosic.com).mp3 in Resources */,
				45FC929D2AF4F32200C085DD /* funny-accompanying-background-music-for-video-vlogs-one-day-baby-154587.mp3 in Resources */,
				456EA5872AF357E4003D7030 /* GoogleService-Info.plist in Resources */,
				45FC928F2AF4A70A00C085DD /* char6.json in Resources */,
				45DD47AD2A9556C50015D06A /* Launch Screen.storyboard in Resources */,
				454E2CD92A8C6F7E00D2FDE0 /* Assets.xcassets in Resources */,
				45FC928D2AF4A70A00C085DD /* char7.json in Resources */,
			);
			runOnlyForDeploymentPostprocessing = 0;
		};
/* End PBXResourcesBuildPhase section */

/* Begin PBXShellScriptBuildPhase section */
		325D515CFD84AD66AE069ACE /* [CP] Embed Pods Frameworks */ = {
			isa = PBXShellScriptBuildPhase;
			buildActionMask = 2147483647;
			files = (
			);
			inputFileListPaths = (
				"${PODS_ROOT}/Target Support Files/Pods-BabySwipe/Pods-BabySwipe-frameworks-${CONFIGURATION}-input-files.xcfilelist",
			);
			name = "[CP] Embed Pods Frameworks";
			outputFileListPaths = (
				"${PODS_ROOT}/Target Support Files/Pods-BabySwipe/Pods-BabySwipe-frameworks-${CONFIGURATION}-output-files.xcfilelist",
			);
			runOnlyForDeploymentPostprocessing = 0;
			shellPath = /bin/sh;
			shellScript = "\"${PODS_ROOT}/Target Support Files/Pods-BabySwipe/Pods-BabySwipe-frameworks.sh\"\n";
			showEnvVarsInLog = 0;
		};
		456EA5862AF356FF003D7030 /* Run Script - Firebase */ = {
			isa = PBXShellScriptBuildPhase;
			buildActionMask = 2147483647;
			files = (
			);
			inputFileListPaths = (
			);
			inputPaths = (
				"${DWARF_DSYM_FOLDER_PATH}/${DWARF_DSYM_FILE_NAME}",
				"${DWARF_DSYM_FOLDER_PATH}/${DWARF_DSYM_FILE_NAME}/Contents/Resources/DWARF/${PRODUCT_NAME}",
				"${DWARF_DSYM_FOLDER_PATH}/${DWARF_DSYM_FILE_NAME}/Contents/Info.plist",
				"$(TARGET_BUILD_DIR)/$(UNLOCALIZED_RESOURCES_FOLDER_PATH)/Plists/GoogleService-Info.plist",
				"$(TARGET_BUILD_DIR)/$(EXECUTABLE_PATH)",
			);
			name = "Run Script - Firebase";
			outputFileListPaths = (
			);
			outputPaths = (
			);
			runOnlyForDeploymentPostprocessing = 0;
			shellPath = /bin/sh;
			shellScript = "\"${BUILD_DIR%/Build/*}/SourcePackages/checkouts/firebase-ios-sdk/Crashlytics/run\"\n";
		};
		D529F2360C5DABEB3E9C983B /* [CP] Check Pods Manifest.lock */ = {
			isa = PBXShellScriptBuildPhase;
			buildActionMask = 2147483647;
			files = (
			);
			inputFileListPaths = (
			);
			inputPaths = (
				"${PODS_PODFILE_DIR_PATH}/Podfile.lock",
				"${PODS_ROOT}/Manifest.lock",
			);
			name = "[CP] Check Pods Manifest.lock";
			outputFileListPaths = (
			);
			outputPaths = (
				"$(DERIVED_FILE_DIR)/Pods-BabySwipe-checkManifestLockResult.txt",
			);
			runOnlyForDeploymentPostprocessing = 0;
			shellPath = /bin/sh;
			shellScript = "diff \"${PODS_PODFILE_DIR_PATH}/Podfile.lock\" \"${PODS_ROOT}/Manifest.lock\" > /dev/null\nif [ $? != 0 ] ; then\n    # print error to STDERR\n    echo \"error: The sandbox is not in sync with the Podfile.lock. Run 'pod install' or update your CocoaPods installation.\" >&2\n    exit 1\nfi\n# This output is used by Xcode 'outputs' to avoid re-running this script phase.\necho \"SUCCESS\" > \"${SCRIPT_OUTPUT_FILE_0}\"\n";
			showEnvVarsInLog = 0;
		};
/* End PBXShellScriptBuildPhase section */

/* Begin PBXSourcesBuildPhase section */
		454E2CCD2A8C6F7D00D2FDE0 /* Sources */ = {
			isa = PBXSourcesBuildPhase;
			buildActionMask = 2147483647;
			files = (
				45ABD64A2AF8A06800C4AD1F /* Fruit.swift in Sources */,
				45DD47A92A9556480015D06A /* CategoriesView.swift in Sources */,
				452CE8E42AF7B39000F1D38E /* CardContainerView.swift in Sources */,
				45ABD6482AF8A00E00C4AD1F /* Colour.swift in Sources */,
				45418DCB2AF63D3F00EF2C83 /* Color+App.swift in Sources */,
				455855B72B03F1C200F3EEF4 /* InterstitialController.swift in Sources */,
				455855B92B03F26D00F3EEF4 /* UIApplication+KeyWindow.swift in Sources */,
				45418DCE2AF65FEE00EF2C83 /* AdMobRectangleView.swift in Sources */,
				45FC92912AF4A7A900C085DD /* AnimatedCharacterView.swift in Sources */,
				45FC92882AF44B7C00C085DD /* HomeView.swift in Sources */,
				45DD47AB2A9556570015D06A /* Delay.swift in Sources */,
				45ABD6422AF882E600C4AD1F /* Letter.swift in Sources */,
				45418DD02AF6611B00EF2C83 /* BannerViewController.swift in Sources */,
				454E2CD72A8C6F7D00D2FDE0 /* SplashView.swift in Sources */,
				45418DC92AF63C7800EF2C83 /* NavBarView.swift in Sources */,
				456EA5712AF34908003D7030 /* AppDelegate.swift in Sources */,
				45C19F2B2AFA5050000117A4 /* Animal.swift in Sources */,
				45FC92962AF4F1CF00C085DD /* SFX.swift in Sources */,
				45FC92A12AF5252A00C085DD /* Cell.swift in Sources */,
				45418DD22AF6613B00EF2C83 /* AdTypes.swift in Sources */,
				45ABD6402AF8827500C4AD1F /* Swipeable.swift in Sources */,
				45ABD6442AF89AED00C4AD1F /* Number.swift in Sources */,
				45ABD6462AF89BEE00C4AD1F /* Shape.swift in Sources */,
				454E2CD52A8C6F7D00D2FDE0 /* BabySwipeApp.swift in Sources */,
				45418DD52AF742FF00EF2C83 /* GameView.swift in Sources */,
				4593B23F2B3FBDF60057C1E9 /* AppKeys.swift in Sources */,
				452CE8E22AF7B33F00F1D38E /* CardView.swift in Sources */,
				45FC92862AF44A0400C085DD /* Category.swift in Sources */,
			);
			runOnlyForDeploymentPostprocessing = 0;
		};
/* End PBXSourcesBuildPhase section */

/* Begin XCBuildConfiguration section */
		454E2CDD2A8C6F7E00D2FDE0 /* Debug */ = {
			isa = XCBuildConfiguration;
			buildSettings = {
				ALWAYS_SEARCH_USER_PATHS = NO;
				CLANG_ANALYZER_NONNULL = YES;
				CLANG_ANALYZER_NUMBER_OBJECT_CONVERSION = YES_AGGRESSIVE;
				CLANG_CXX_LANGUAGE_STANDARD = "gnu++20";
				CLANG_ENABLE_MODULES = YES;
				CLANG_ENABLE_OBJC_ARC = YES;
				CLANG_ENABLE_OBJC_WEAK = YES;
				CLANG_WARN_BLOCK_CAPTURE_AUTORELEASING = YES;
				CLANG_WARN_BOOL_CONVERSION = YES;
				CLANG_WARN_COMMA = YES;
				CLANG_WARN_CONSTANT_CONVERSION = YES;
				CLANG_WARN_DEPRECATED_OBJC_IMPLEMENTATIONS = YES;
				CLANG_WARN_DIRECT_OBJC_ISA_USAGE = YES_ERROR;
				CLANG_WARN_DOCUMENTATION_COMMENTS = YES;
				CLANG_WARN_EMPTY_BODY = YES;
				CLANG_WARN_ENUM_CONVERSION = YES;
				CLANG_WARN_INFINITE_RECURSION = YES;
				CLANG_WARN_INT_CONVERSION = YES;
				CLANG_WARN_NON_LITERAL_NULL_CONVERSION = YES;
				CLANG_WARN_OBJC_IMPLICIT_RETAIN_SELF = YES;
				CLANG_WARN_OBJC_LITERAL_CONVERSION = YES;
				CLANG_WARN_OBJC_ROOT_CLASS = YES_ERROR;
				CLANG_WARN_QUOTED_INCLUDE_IN_FRAMEWORK_HEADER = YES;
				CLANG_WARN_RANGE_LOOP_ANALYSIS = YES;
				CLANG_WARN_STRICT_PROTOTYPES = YES;
				CLANG_WARN_SUSPICIOUS_MOVE = YES;
				CLANG_WARN_UNGUARDED_AVAILABILITY = YES_AGGRESSIVE;
				CLANG_WARN_UNREACHABLE_CODE = YES;
				CLANG_WARN__DUPLICATE_METHOD_MATCH = YES;
				COPY_PHASE_STRIP = NO;
				DEBUG_INFORMATION_FORMAT = dwarf;
				ENABLE_STRICT_OBJC_MSGSEND = YES;
				ENABLE_TESTABILITY = YES;
				GCC_C_LANGUAGE_STANDARD = gnu11;
				GCC_DYNAMIC_NO_PIC = NO;
				GCC_NO_COMMON_BLOCKS = YES;
				GCC_OPTIMIZATION_LEVEL = 0;
				GCC_PREPROCESSOR_DEFINITIONS = (
					"DEBUG=1",
					"$(inherited)",
				);
				GCC_WARN_64_TO_32_BIT_CONVERSION = YES;
				GCC_WARN_ABOUT_RETURN_TYPE = YES_ERROR;
				GCC_WARN_UNDECLARED_SELECTOR = YES;
				GCC_WARN_UNINITIALIZED_AUTOS = YES_AGGRESSIVE;
				GCC_WARN_UNUSED_FUNCTION = YES;
				GCC_WARN_UNUSED_VARIABLE = YES;
				IPHONEOS_DEPLOYMENT_TARGET = 16.4;
				MTL_ENABLE_DEBUG_INFO = INCLUDE_SOURCE;
				MTL_FAST_MATH = YES;
				ONLY_ACTIVE_ARCH = YES;
				SDKROOT = iphoneos;
				SWIFT_ACTIVE_COMPILATION_CONDITIONS = DEBUG;
				SWIFT_OPTIMIZATION_LEVEL = "-Onone";
			};
			name = Debug;
		};
		454E2CDE2A8C6F7E00D2FDE0 /* Release */ = {
			isa = XCBuildConfiguration;
			buildSettings = {
				ALWAYS_SEARCH_USER_PATHS = NO;
				CLANG_ANALYZER_NONNULL = YES;
				CLANG_ANALYZER_NUMBER_OBJECT_CONVERSION = YES_AGGRESSIVE;
				CLANG_CXX_LANGUAGE_STANDARD = "gnu++20";
				CLANG_ENABLE_MODULES = YES;
				CLANG_ENABLE_OBJC_ARC = YES;
				CLANG_ENABLE_OBJC_WEAK = YES;
				CLANG_WARN_BLOCK_CAPTURE_AUTORELEASING = YES;
				CLANG_WARN_BOOL_CONVERSION = YES;
				CLANG_WARN_COMMA = YES;
				CLANG_WARN_CONSTANT_CONVERSION = YES;
				CLANG_WARN_DEPRECATED_OBJC_IMPLEMENTATIONS = YES;
				CLANG_WARN_DIRECT_OBJC_ISA_USAGE = YES_ERROR;
				CLANG_WARN_DOCUMENTATION_COMMENTS = YES;
				CLANG_WARN_EMPTY_BODY = YES;
				CLANG_WARN_ENUM_CONVERSION = YES;
				CLANG_WARN_INFINITE_RECURSION = YES;
				CLANG_WARN_INT_CONVERSION = YES;
				CLANG_WARN_NON_LITERAL_NULL_CONVERSION = YES;
				CLANG_WARN_OBJC_IMPLICIT_RETAIN_SELF = YES;
				CLANG_WARN_OBJC_LITERAL_CONVERSION = YES;
				CLANG_WARN_OBJC_ROOT_CLASS = YES_ERROR;
				CLANG_WARN_QUOTED_INCLUDE_IN_FRAMEWORK_HEADER = YES;
				CLANG_WARN_RANGE_LOOP_ANALYSIS = YES;
				CLANG_WARN_STRICT_PROTOTYPES = YES;
				CLANG_WARN_SUSPICIOUS_MOVE = YES;
				CLANG_WARN_UNGUARDED_AVAILABILITY = YES_AGGRESSIVE;
				CLANG_WARN_UNREACHABLE_CODE = YES;
				CLANG_WARN__DUPLICATE_METHOD_MATCH = YES;
				COPY_PHASE_STRIP = NO;
				DEBUG_INFORMATION_FORMAT = "dwarf-with-dsym";
				ENABLE_NS_ASSERTIONS = NO;
				ENABLE_STRICT_OBJC_MSGSEND = YES;
				GCC_C_LANGUAGE_STANDARD = gnu11;
				GCC_NO_COMMON_BLOCKS = YES;
				GCC_WARN_64_TO_32_BIT_CONVERSION = YES;
				GCC_WARN_ABOUT_RETURN_TYPE = YES_ERROR;
				GCC_WARN_UNDECLARED_SELECTOR = YES;
				GCC_WARN_UNINITIALIZED_AUTOS = YES_AGGRESSIVE;
				GCC_WARN_UNUSED_FUNCTION = YES;
				GCC_WARN_UNUSED_VARIABLE = YES;
				IPHONEOS_DEPLOYMENT_TARGET = 16.4;
				MTL_ENABLE_DEBUG_INFO = NO;
				MTL_FAST_MATH = YES;
				SDKROOT = iphoneos;
				SWIFT_COMPILATION_MODE = wholemodule;
				SWIFT_OPTIMIZATION_LEVEL = "-O";
				VALIDATE_PRODUCT = YES;
			};
			name = Release;
		};
		454E2CE02A8C6F7E00D2FDE0 /* Debug */ = {
			isa = XCBuildConfiguration;
			baseConfigurationReference = 3EEBED597EB79ECBB2222159 /* Pods-BabySwipe.debug.xcconfig */;
			buildSettings = {
				ASSETCATALOG_COMPILER_APPICON_NAME = AppIcon;
				ASSETCATALOG_COMPILER_GLOBAL_ACCENT_COLOR_NAME = AccentColor;
				CODE_SIGN_ENTITLEMENTS = BabySwipe/BabySwipe.entitlements;
				CODE_SIGN_STYLE = Automatic;
				CURRENT_PROJECT_VERSION = 3;
				DEVELOPMENT_ASSET_PATHS = "\"BabySwipe/Preview Content\"";
				DEVELOPMENT_TEAM = RE4YFXSB23;
				ENABLE_PREVIEWS = YES;
				GENERATE_INFOPLIST_FILE = YES;
				INFOPLIST_FILE = BabySwipe/Plists/Info.plist;
				INFOPLIST_KEY_CFBundleDisplayName = "Baby Swipe";
				INFOPLIST_KEY_LSApplicationCategoryType = "public.app-category.kids-games";
				INFOPLIST_KEY_UIApplicationSceneManifest_Generation = YES;
				INFOPLIST_KEY_UILaunchScreen_Generation = YES;
				INFOPLIST_KEY_UILaunchStoryboardName = "Launch Screen.storyboard";
				INFOPLIST_KEY_UISupportedInterfaceOrientations = UIInterfaceOrientationPortrait;
				INFOPLIST_KEY_UISupportedInterfaceOrientations_iPad = "UIInterfaceOrientationPortrait UIInterfaceOrientationPortraitUpsideDown";
				INFOPLIST_KEY_UIUserInterfaceStyle = Light;
				IPHONEOS_DEPLOYMENT_TARGET = 16.2;
				LD_RUNPATH_SEARCH_PATHS = (
					"$(inherited)",
					"@executable_path/Frameworks",
				);
				MARKETING_VERSION = 1.1.0;
				OTHER_LDFLAGS = (
					"$(inherited)",
					"-framework",
					"\"CoreGraphics\"",
					"-framework",
					"\"Lottie\"",
					"-framework",
					"\"QuartzCore\"",
					"-framework",
					"\"UIKit\"",
					"-weak_framework",
					"\"Combine\"",
					"-weak_framework",
					"\"SwiftUI\"",
					"-ObjC",
				);
				PRODUCT_BUNDLE_IDENTIFIER = com.glennposadas.kidsgames.baby.swipe;
				PRODUCT_NAME = "$(TARGET_NAME)";
				SUPPORTED_PLATFORMS = "iphoneos iphonesimulator";
				SUPPORTS_MACCATALYST = NO;
				SUPPORTS_MAC_DESIGNED_FOR_IPHONE_IPAD = NO;
				SWIFT_EMIT_LOC_STRINGS = YES;
				SWIFT_VERSION = 5.0;
				TARGETED_DEVICE_FAMILY = "1,2";
			};
			name = Debug;
		};
		454E2CE12A8C6F7E00D2FDE0 /* Release */ = {
			isa = XCBuildConfiguration;
			baseConfigurationReference = 862A4989E4386376390AC976 /* Pods-BabySwipe.release.xcconfig */;
			buildSettings = {
				ASSETCATALOG_COMPILER_APPICON_NAME = AppIcon;
				ASSETCATALOG_COMPILER_GLOBAL_ACCENT_COLOR_NAME = AccentColor;
				CODE_SIGN_ENTITLEMENTS = BabySwipe/BabySwipe.entitlements;
				CODE_SIGN_STYLE = Automatic;
				CURRENT_PROJECT_VERSION = 3;
				DEVELOPMENT_ASSET_PATHS = "\"BabySwipe/Preview Content\"";
				DEVELOPMENT_TEAM = RE4YFXSB23;
				ENABLE_PREVIEWS = YES;
				GENERATE_INFOPLIST_FILE = YES;
				INFOPLIST_FILE = BabySwipe/Plists/Info.plist;
				INFOPLIST_KEY_CFBundleDisplayName = "Baby Swipe";
				INFOPLIST_KEY_LSApplicationCategoryType = "public.app-category.kids-games";
				INFOPLIST_KEY_UIApplicationSceneManifest_Generation = YES;
				INFOPLIST_KEY_UILaunchScreen_Generation = YES;
				INFOPLIST_KEY_UILaunchStoryboardName = "Launch Screen.storyboard";
				INFOPLIST_KEY_UISupportedInterfaceOrientations = UIInterfaceOrientationPortrait;
				INFOPLIST_KEY_UISupportedInterfaceOrientations_iPad = "UIInterfaceOrientationPortrait UIInterfaceOrientationPortraitUpsideDown";
				INFOPLIST_KEY_UIUserInterfaceStyle = Light;
				IPHONEOS_DEPLOYMENT_TARGET = 16.2;
				LD_RUNPATH_SEARCH_PATHS = (
					"$(inherited)",
					"@executable_path/Frameworks",
				);
				MARKETING_VERSION = 1.1.0;
				OTHER_LDFLAGS = (
					"$(inherited)",
					"-framework",
					"\"CoreGraphics\"",
					"-framework",
					"\"Lottie\"",
					"-framework",
					"\"QuartzCore\"",
					"-framework",
					"\"UIKit\"",
					"-weak_framework",
					"\"Combine\"",
					"-weak_framework",
					"\"SwiftUI\"",
					"-ObjC",
				);
				PRODUCT_BUNDLE_IDENTIFIER = com.glennposadas.kidsgames.baby.swipe;
				PRODUCT_NAME = "$(TARGET_NAME)";
				SUPPORTED_PLATFORMS = "iphoneos iphonesimulator";
				SUPPORTS_MACCATALYST = NO;
				SUPPORTS_MAC_DESIGNED_FOR_IPHONE_IPAD = NO;
				SWIFT_EMIT_LOC_STRINGS = YES;
				SWIFT_VERSION = 5.0;
				TARGETED_DEVICE_FAMILY = "1,2";
			};
			name = Release;
		};
/* End XCBuildConfiguration section */

/* Begin XCConfigurationList section */
		454E2CCC2A8C6F7D00D2FDE0 /* Build configuration list for PBXProject "BabySwipe" */ = {
			isa = XCConfigurationList;
			buildConfigurations = (
				454E2CDD2A8C6F7E00D2FDE0 /* Debug */,
				454E2CDE2A8C6F7E00D2FDE0 /* Release */,
			);
			defaultConfigurationIsVisible = 0;
			defaultConfigurationName = Release;
		};
		454E2CDF2A8C6F7E00D2FDE0 /* Build configuration list for PBXNativeTarget "BabySwipe" */ = {
			isa = XCConfigurationList;
			buildConfigurations = (
				454E2CE02A8C6F7E00D2FDE0 /* Debug */,
				454E2CE12A8C6F7E00D2FDE0 /* Release */,
			);
			defaultConfigurationIsVisible = 0;
			defaultConfigurationName = Release;
		};
/* End XCConfigurationList section */

/* Begin XCRemoteSwiftPackageReference section */
		456EA5722AF34E09003D7030 /* XCRemoteSwiftPackageReference "firebase-ios-sdk" */ = {
			isa = XCRemoteSwiftPackageReference;
			repositoryURL = "https://github.com/firebase/firebase-ios-sdk.git";
			requirement = {
				kind = upToNextMajorVersion;
				minimumVersion = 10.17.0;
			};
		};
		456EA5832AF35364003D7030 /* XCRemoteSwiftPackageReference "swift-package-manager-google-mobile-ads" */ = {
			isa = XCRemoteSwiftPackageReference;
			repositoryURL = "https://github.com/googleads/swift-package-manager-google-mobile-ads.git";
			requirement = {
				kind = upToNextMajorVersion;
				minimumVersion = 10.12.0;
			};
		};
/* End XCRemoteSwiftPackageReference section */

/* Begin XCSwiftPackageProductDependency section */
		456EA5732AF34E09003D7030 /* FirebaseAnalytics */ = {
			isa = XCSwiftPackageProductDependency;
			package = 456EA5722AF34E09003D7030 /* XCRemoteSwiftPackageReference "firebase-ios-sdk" */;
			productName = FirebaseAnalytics;
		};
		456EA5752AF34E09003D7030 /* FirebaseAnalyticsOnDeviceConversion */ = {
			isa = XCSwiftPackageProductDependency;
			package = 456EA5722AF34E09003D7030 /* XCRemoteSwiftPackageReference "firebase-ios-sdk" */;
			productName = FirebaseAnalyticsOnDeviceConversion;
		};
		456EA5772AF34E09003D7030 /* FirebaseAnalyticsSwift */ = {
			isa = XCSwiftPackageProductDependency;
			package = 456EA5722AF34E09003D7030 /* XCRemoteSwiftPackageReference "firebase-ios-sdk" */;
			productName = FirebaseAnalyticsSwift;
		};
		456EA5792AF34E09003D7030 /* FirebaseCrashlytics */ = {
			isa = XCSwiftPackageProductDependency;
			package = 456EA5722AF34E09003D7030 /* XCRemoteSwiftPackageReference "firebase-ios-sdk" */;
			productName = FirebaseCrashlytics;
		};
		456EA57B2AF34E09003D7030 /* FirebaseInAppMessaging-Beta */ = {
			isa = XCSwiftPackageProductDependency;
			package = 456EA5722AF34E09003D7030 /* XCRemoteSwiftPackageReference "firebase-ios-sdk" */;
			productName = "FirebaseInAppMessaging-Beta";
		};
		456EA57D2AF34E09003D7030 /* FirebaseInAppMessagingSwift-Beta */ = {
			isa = XCSwiftPackageProductDependency;
			package = 456EA5722AF34E09003D7030 /* XCRemoteSwiftPackageReference "firebase-ios-sdk" */;
			productName = "FirebaseInAppMessagingSwift-Beta";
		};
		456EA57F2AF34E09003D7030 /* FirebaseInstallations */ = {
			isa = XCSwiftPackageProductDependency;
			package = 456EA5722AF34E09003D7030 /* XCRemoteSwiftPackageReference "firebase-ios-sdk" */;
			productName = FirebaseInstallations;
		};
		456EA5812AF34E09003D7030 /* FirebaseMessaging */ = {
			isa = XCSwiftPackageProductDependency;
			package = 456EA5722AF34E09003D7030 /* XCRemoteSwiftPackageReference "firebase-ios-sdk" */;
			productName = FirebaseMessaging;
		};
		456EA5842AF35364003D7030 /* GoogleMobileAds */ = {
			isa = XCSwiftPackageProductDependency;
			package = 456EA5832AF35364003D7030 /* XCRemoteSwiftPackageReference "swift-package-manager-google-mobile-ads" */;
			productName = GoogleMobileAds;
		};
/* End XCSwiftPackageProductDependency section */
	};
	rootObject = 454E2CC92A8C6F7D00D2FDE0 /* Project object */;
}
